
Microsoft Visual Studio Solution File, Format Version 12.00
# Visual Studio 15
VisualStudioVersion = 15.0.28307.168
MinimumVisualStudioVersion = 10.0.40219.1
Project("{FAE04EC0-301F-11D3-BF4B-00C04F79EFBC}") = "Calculo_imc", "Calculo_imc\Calculo_imc.csproj", "{BF3FAC8E-5CE1-415E-8F83-140714F2EAEC}"
EndProject
Global
	GlobalSection(SolutionConfigurationPlatforms) = preSolution
		Debug|Any CPU = Debug|Any CPU
		Release|Any CPU = Release|Any CPU
	EndGlobalSection
	GlobalSection(ProjectConfigurationPlatforms) = postSolution
		{BF3FAC8E-5CE1-415E-8F83-140714F2EAEC}.Debug|Any CPU.ActiveCfg = Debug|Any CPU
		{BF3FAC8E-5CE1-415E-8F83-140714F2EAEC}.Debug|Any CPU.Build.0 = Debug|Any CPU
		{BF3FAC8E-5CE1-415E-8F83-140714F2EAEC}.Release|Any CPU.ActiveCfg = Release|Any CPU
		{BF3FAC8E-5CE1-415E-8F83-140714F2EAEC}.Release|Any CPU.Build.0 = Release|Any CPU
	EndGlobalSection
	GlobalSection(SolutionProperties) = preSolution
		HideSolutionNode = FALSE
	EndGlobalSection
	GlobalSection(ExtensibilityGlobals) = postSolution
		SolutionGuid = {7D41E4CF-6D7C-47DC-838D-4A1D2474C048}
	EndGlobalSection
EndGlobal
